
Microsoft Visual Studio Solution File, Format Version 12.00
# Visual Studio Version 16
VisualStudioVersion = 16.0.30717.126
MinimumVisualStudioVersion = 10.0.40219.1
Project("{9A19103F-16F7-4668-BE54-9A1E7A4F7556}") = "EncryptionUnitTest", "EncryptionUnitTest\EncryptionUnitTest.csproj", "{388867DA-A46F-47F8-8B7E-9DC272808A52}"
EndProject
Project("{9A19103F-16F7-4668-BE54-9A1E7A4F7556}") = "aead-aes", "aead-aes\aead-aes.csproj", "{CCAE12A6-713E-46F4-978C-1D6FCB3183D5}"
EndProject
Project("{2150E333-8FDC-42A3-9474-1A3956D46DE8}") = "Solution Items", "Solution Items", "{BDD813F1-400B-45DB-9CC2-63B8EF763967}"
	ProjectSection(SolutionItems) = preProject
		LICENSE = LICENSE
		README.md = README.md
	EndProjectSection
EndProject
Global
	GlobalSection(SolutionConfigurationPlatforms) = preSolution
		Debug|Any CPU = Debug|Any CPU
		Release|Any CPU = Release|Any CPU
	EndGlobalSection
	GlobalSection(ProjectConfigurationPlatforms) = postSolution
		{388867DA-A46F-47F8-8B7E-9DC272808A52}.Debug|Any CPU.ActiveCfg = Debug|Any CPU
		{388867DA-A46F-47F8-8B7E-9DC272808A52}.Debug|Any CPU.Build.0 = Debug|Any CPU
		{388867DA-A46F-47F8-8B7E-9DC272808A52}.Release|Any CPU.ActiveCfg = Release|Any CPU
		{388867DA-A46F-47F8-8B7E-9DC272808A52}.Release|Any CPU.Build.0 = Release|Any CPU
		{CCAE12A6-713E-46F4-978C-1D6FCB3183D5}.Debug|Any CPU.ActiveCfg = Debug|Any CPU
		{CCAE12A6-713E-46F4-978C-1D6FCB3183D5}.Debug|Any CPU.Build.0 = Debug|Any CPU
		{CCAE12A6-713E-46F4-978C-1D6FCB3183D5}.Release|Any CPU.ActiveCfg = Release|Any CPU
		{CCAE12A6-713E-46F4-978C-1D6FCB3183D5}.Release|Any CPU.Build.0 = Release|Any CPU
	EndGlobalSection
	GlobalSection(SolutionProperties) = preSolution
		HideSolutionNode = FALSE
	EndGlobalSection
	GlobalSection(ExtensibilityGlobals) = postSolution
		SolutionGuid = {E354B1DB-569A-4173-A710-2488B72F29AA}
	EndGlobalSection
EndGlobal
